
Microsoft Visual Studio Solution File, Format Version 12.00
# Visual Studio Version 16
VisualStudioVersion = 16.0.31019.35
MinimumVisualStudioVersion = 10.0.40219.1
Project("{FAE04EC0-301F-11D3-BF4B-00C04F79EFBC}") = "WebApplication2", "WebApplication2.csproj", "{56078B33-C91A-4A60-B73F-8BEA41C65353}"
EndProject
Global
	GlobalSection(SolutionConfigurationPlatforms) = preSolution
		Debug|Any CPU = Debug|Any CPU
		Release|Any CPU = Release|Any CPU
	EndGlobalSection
	GlobalSection(ProjectConfigurationPlatforms) = postSolution
		{56078B33-C91A-4A60-B73F-8BEA41C65353}.Debug|Any CPU.ActiveCfg = Debug|Any CPU
		{56078B33-C91A-4A60-B73F-8BEA41C65353}.Debug|Any CPU.Build.0 = Debug|Any CPU
		{56078B33-C91A-4A60-B73F-8BEA41C65353}.Release|Any CPU.ActiveCfg = Release|Any CPU
		{56078B33-C91A-4A60-B73F-8BEA41C65353}.Release|Any CPU.Build.0 = Release|Any CPU
	EndGlobalSection
	GlobalSection(SolutionProperties) = preSolution
		HideSolutionNode = FALSE
	EndGlobalSection
	GlobalSection(ExtensibilityGlobals) = postSolution
		SolutionGuid = {32435590-2E56-44CC-9E49-B88858179C9D}
	EndGlobalSection
EndGlobal
